
Microsoft Visual Studio Solution File, Format Version 12.00
# Visual Studio Version 16
VisualStudioVersion = 16.0.30011.22
MinimumVisualStudioVersion = 10.0.40219.1
Project("{FAE04EC0-301F-11D3-BF4B-00C04F79EFBC}") = "ConsoleApp1", "ConsoleApp1\ConsoleApp1.csproj", "{30A92F6F-0408-4B7C-B7A9-1B64DC641C65}"
EndProject
Global
	GlobalSection(SolutionConfigurationPlatforms) = preSolution
		Debug|Any CPU = Debug|Any CPU
		Release|Any CPU = Release|Any CPU
	EndGlobalSection
	GlobalSection(ProjectConfigurationPlatforms) = postSolution
		{30A92F6F-0408-4B7C-B7A9-1B64DC641C65}.Debug|Any CPU.ActiveCfg = Debug|Any CPU
		{30A92F6F-0408-4B7C-B7A9-1B64DC641C65}.Debug|Any CPU.Build.0 = Debug|Any CPU
		{30A92F6F-0408-4B7C-B7A9-1B64DC641C65}.Release|Any CPU.ActiveCfg = Release|Any CPU
		{30A92F6F-0408-4B7C-B7A9-1B64DC641C65}.Release|Any CPU.Build.0 = Release|Any CPU
	EndGlobalSection
	GlobalSection(SolutionProperties) = preSolution
		HideSolutionNode = FALSE
	EndGlobalSection
	GlobalSection(ExtensibilityGlobals) = postSolution
		SolutionGuid = {DD8FDB9C-245D-437E-8B88-F08CC3001A7A}
	EndGlobalSection
EndGlobal
